
Microsoft Visual Studio Solution File, Format Version 12.00
# Visual Studio 14
VisualStudioVersion = 14.0.25420.1
MinimumVisualStudioVersion = 10.0.40219.1
Project("{FAE04EC0-301F-11D3-BF4B-00C04F79EFBC}") = "LG", "LG\LG.csproj", "{7DD7F4B9-6C3D-429B-AFF7-B78EC7C848E0}"
EndProject
Project("{FAE04EC0-301F-11D3-BF4B-00C04F79EFBC}") = "MidTerm3", "..\..\..\..\Проекты\MidTerm3\MidTerm3.csproj", "{207C1A18-53C1-4A83-90A6-A773DD2A2420}"
EndProject
Global
	GlobalSection(SolutionConfigurationPlatforms) = preSolution
		Debug|Any CPU = Debug|Any CPU
		Release|Any CPU = Release|Any CPU
	EndGlobalSection
	GlobalSection(ProjectConfigurationPlatforms) = postSolution
		{7DD7F4B9-6C3D-429B-AFF7-B78EC7C848E0}.Debug|Any CPU.ActiveCfg = Debug|Any CPU
		{7DD7F4B9-6C3D-429B-AFF7-B78EC7C848E0}.Debug|Any CPU.Build.0 = Debug|Any CPU
		{7DD7F4B9-6C3D-429B-AFF7-B78EC7C848E0}.Release|Any CPU.ActiveCfg = Release|Any CPU
		{7DD7F4B9-6C3D-429B-AFF7-B78EC7C848E0}.Release|Any CPU.Build.0 = Release|Any CPU
		{207C1A18-53C1-4A83-90A6-A773DD2A2420}.Debug|Any CPU.ActiveCfg = Debug|Any CPU
		{207C1A18-53C1-4A83-90A6-A773DD2A2420}.Debug|Any CPU.Build.0 = Debug|Any CPU
		{207C1A18-53C1-4A83-90A6-A773DD2A2420}.Release|Any CPU.ActiveCfg = Release|Any CPU
		{207C1A18-53C1-4A83-90A6-A773DD2A2420}.Release|Any CPU.Build.0 = Release|Any CPU
	EndGlobalSection
	GlobalSection(SolutionProperties) = preSolution
		HideSolutionNode = FALSE
	EndGlobalSection
EndGlobal
